{
  "name": "@luminarylabs/nexusretrohost",
  "version": "0.1.0",
  "lockfileVersion": 3,
  "requires": true,
  "packages": {
    "": {
      "name": "@luminarylabs/nexusretrohost",
      "version": "0.1.0",
      "dependencies": {
        "@luminarylabs/nexusengine-kits": "git+https://github.com/LuminaryLabs-Dev/NexusEngine-Kits.git#85709ae3752239c21039328206bf24f8e4f0f15c",
        "nexusengine": "git+https://github.com/LuminaryLabs-Dev/NexusEngine.git#2b5e070fab8c73986174b842559b96a7fd2db662"
      },
      "devDependencies": {
        "playwright": "1.51.1"
      },
      "engines": {
        "node": ">=22"
      }
    },
    "node_modules/@luminarylabs/nexusengine-kits": {
      "version": "0.0.1",
      "resolved": "git+https://github.com/LuminaryLabs-Dev/NexusEngine-Kits.git#85709ae3752239c21039328206bf24f8e4f0f15c",
      "integrity": "sha512-VyN1dF0oA/KLM8Zg+TOT0pqQ6kjw1VvqDqqXjvpCFZMGrnXdAeJljcdUoLV1o4oSlL4wYkNL/WhzD174SpTmsw==",
      "license": "MIT",
      "peerDependencies": {
        "nexusengine": "0.0.4"
      }
    },
    "node_modules/@typescript/old": {
      "name": "typescript",
      "version": "6.0.3",
      "resolved": "https://registry.npmjs.org/typescript/-/typescript-6.0.3.tgz",
      "integrity": "sha512-y2TvuxSZPDyQakkFRPZHKFm+KKVqIisdg9/CZwm9ftvKXLP8NRWj38/ODjNbr43SsoXqNuAisEf1GdCxqWcdBw==",
      "license": "Apache-2.0",
      "bin": {
        "tsc": "bin/tsc",
        "tsserver": "bin/tsserver"
      },
      "engines": {
        "node": ">=14.17"
      }
    },
    "node_modules/@typescript/typescript6": {
      "version": "6.0.2",
      "resolved": "https://registry.npmjs.org/@typescript/typescript6/-/typescript6-6.0.2.tgz",
      "integrity": "sha512-mbCddXd+jm7hfx7w2YU64/Av4/NqqeG3GoRZgxPcgoTxYjhrcfJRw9ULch71SS4G+Q3bOXFhRvPqjguN0Hyp5w==",
      "license": "Apache-2.0",
      "dependencies": {
        "@typescript/old": "npm:typescript@^6"
      },
      "bin": {
        "tsc6": "bin/tsc6"
      }
    },
    "node_modules/fsevents": {
      "version": "2.3.2",
      "resolved": "https://registry.npmjs.org/fsevents/-/fsevents-2.3.2.tgz",
      "integrity": "sha512-xiqMQR4xAeHTuB9uWm+fFRcIOgKBMiOBP+eXiyT7jsgVCq1bkVygt00oASowB7EdtpOHaaPgKt812P9ab+DDKA==",
      "dev": true,
      "hasInstallScript": true,
      "license": "MIT",
      "optional": true,
      "os": [
        "darwin"
      ],
      "engines": {
        "node": "^8.16.0 || ^10.6.0 || >=11.0.0"
      }
    },
    "node_modules/nexusengine": {
      "version": "0.0.4",
      "resolved": "git+https://github.com/LuminaryLabs-Dev/NexusEngine.git#2b5e070fab8c73986174b842559b96a7fd2db662",
      "integrity": "sha512-QPzx5xXbS1L0eN6dzSm+bc+MFr6us1Ji/07OiZUMIxddPdjH4aTpVkiRGWjKpAqkyM1xw3juBt9Uj6TQv8QADg==",
      "license": "MIT",
      "dependencies": {
        "@typescript/typescript6": "6.0.2"
      },
      "bin": {
        "nexusengine": "bin/nexusengine.mjs"
      },
      "engines": {
        "node": ">=18"
      },
      "peerDependencies": {
        "@modelcontextprotocol/sdk": "^1.29.0"
      },
      "peerDependenciesMeta": {
        "@modelcontextprotocol/sdk": {
          "optional": true
        }
      }
    },
    "node_modules/playwright": {
      "version": "1.51.1",
      "resolved": "https://registry.npmjs.org/playwright/-/playwright-1.51.1.tgz",
      "integrity": "sha512-kkx+MB2KQRkyxjYPc3a0wLZZoDczmppyGJIvQ43l+aZihkaVvmu/21kiyaHeHjiFxjxNNFnUncKmcGIyOojsaw==",
      "dev": true,
      "license": "Apache-2.0",
      "dependencies": {
        "playwright-core": "1.51.1"
      },
      "bin": {
        "playwright": "cli.js"
      },
      "engines": {
        "node": ">=18"
      },
      "optionalDependencies": {
        "fsevents": "2.3.2"
      }
    },
    "node_modules/playwright-core": {
      "version": "1.51.1",
      "resolved": "https://registry.npmjs.org/playwright-core/-/playwright-core-1.51.1.tgz",
      "integrity": "sha512-/crRMj8+j/Nq5s8QcvegseuyeZPxpQCZb6HNk3Sos3BlZyAknRjoyJPFWkpNn8v0+P3WiwqFF8P+zQo4eqiNuw==",
      "dev": true,
      "license": "Apache-2.0",
      "bin": {
        "playwright-core": "cli.js"
      },
      "engines": {
        "node": ">=18"
      }
    }
  }
}
